
Microsoft Visual Studio Solution File, Format Version 12.00
# Visual Studio 15
VisualStudioVersion = 15.0.27004.2006
MinimumVisualStudioVersion = 10.0.40219.1
Project("{FAE04EC0-301F-11D3-BF4B-00C04F79EFBC}") = "FilterListDemo.Android", "FilterListDemo\FilterListDemo.Android\FilterListDemo.Android.csproj", "{D285521D-13DD-4320-8C32-35BD754BE7D1}"
EndProject
Project("{FAE04EC0-301F-11D3-BF4B-00C04F79EFBC}") = "FilterListDemo", "FilterListDemo\FilterListDemo\FilterListDemo.csproj", "{0F98D1E7-9A22-4EA6-8B55-C3A479BA3175}"
EndProject
Project("{FAE04EC0-301F-11D3-BF4B-00C04F79EFBC}") = "FilterListDemo.iOS", "FilterListDemo\FilterListDemo.iOS\FilterListDemo.iOS.csproj", "{019D28A9-3E15-4ADA-A299-93F4A83C7AA1}"
EndProject
Global
	GlobalSection(SolutionConfigurationPlatforms) = preSolution
		Ad-Hoc|Any CPU = Ad-Hoc|Any CPU
		Ad-Hoc|iPhone = Ad-Hoc|iPhone
		Ad-Hoc|iPhoneSimulator = Ad-Hoc|iPhoneSimulator
		AppStore|Any CPU = AppStore|Any CPU
		AppStore|iPhone = AppStore|iPhone
		AppStore|iPhoneSimulator = AppStore|iPhoneSimulator
		Debug|Any CPU = Debug|Any CPU
		Debug|iPhone = Debug|iPhone
		Debug|iPhoneSimulator = Debug|iPhoneSimulator
		Release|Any CPU = Release|Any CPU
		Release|iPhone = Release|iPhone
		Release|iPhoneSimulator = Release|iPhoneSimulator
	EndGlobalSection
	GlobalSection(ProjectConfigurationPlatforms) = postSolution
		{D285521D-13DD-4320-8C32-35BD754BE7D1}.Ad-Hoc|Any CPU.ActiveCfg = Release|Any CPU
		{D285521D-13DD-4320-8C32-35BD754BE7D1}.Ad-Hoc|Any CPU.Build.0 = Release|Any CPU
		{D285521D-13DD-4320-8C32-35BD754BE7D1}.Ad-Hoc|Any CPU.Deploy.0 = Release|Any CPU
		{D285521D-13DD-4320-8C32-35BD754BE7D1}.Ad-Hoc|iPhone.ActiveCfg = Release|Any CPU
		{D285521D-13DD-4320-8C32-35BD754BE7D1}.Ad-Hoc|iPhone.Build.0 = Release|Any CPU
		{D285521D-13DD-4320-8C32-35BD754BE7D1}.Ad-Hoc|iPhone.Deploy.0 = Release|Any CPU
		{D285521D-13DD-4320-8C32-35BD754BE7D1}.Ad-Hoc|iPhoneSimulator.ActiveCfg = Release|Any CPU
		{D285521D-13DD-4320-8C32-35BD754BE7D1}.Ad-Hoc|iPhoneSimulator.Build.0 = Release|Any CPU
		{D285521D-13DD-4320-8C32-35BD754BE7D1}.Ad-Hoc|iPhoneSimulator.Deploy.0 = Release|Any CPU
		{D285521D-13DD-4320-8C32-35BD754BE7D1}.AppStore|Any CPU.ActiveCfg = Release|Any CPU
		{D285521D-13DD-4320-8C32-35BD754BE7D1}.AppStore|Any CPU.Build.0 = Release|Any CPU
		{D285521D-13DD-4320-8C32-35BD754BE7D1}.AppStore|Any CPU.Deploy.0 = Release|Any CPU
		{D285521D-13DD-4320-8C32-35BD754BE7D1}.AppStore|iPhone.ActiveCfg = Release|Any CPU
		{D285521D-13DD-4320-8C32-35BD754BE7D1}.AppStore|iPhone.Build.0 = Release|Any CPU
		{D285521D-13DD-4320-8C32-35BD754BE7D1}.AppStore|iPhone.Deploy.0 = Release|Any CPU
		{D285521D-13DD-4320-8C32-35BD754BE7D1}.AppStore|iPhoneSimulator.ActiveCfg = Release|Any CPU
		{D285521D-13DD-4320-8C32-35BD754BE7D1}.AppStore|iPhoneSimulator.Build.0 = Release|Any CPU
		{D285521D-13DD-4320-8C32-35BD754BE7D1}.AppStore|iPhoneSimulator.Deploy.0 = Release|Any CPU
		{D285521D-13DD-4320-8C32-35BD754BE7D1}.Debug|Any CPU.ActiveCfg = Debug|Any CPU
		{D285521D-13DD-4320-8C32-35BD754BE7D1}.Debug|Any CPU.Build.0 = Debug|Any CPU
		{D285521D-13DD-4320-8C32-35BD754BE7D1}.Debug|Any CPU.Deploy.0 = Debug|Any CPU
		{D285521D-13DD-4320-8C32-35BD754BE7D1}.Debug|iPhone.ActiveCfg = Debug|Any CPU
		{D285521D-13DD-4320-8C32-35BD754BE7D1}.Debug|iPhone.Build.0 = Debug|Any CPU
		{D285521D-13DD-4320-8C32-35BD754BE7D1}.Debug|iPhone.Deploy.0 = Debug|Any CPU
		{D285521D-13DD-4320-8C32-35BD754BE7D1}.Debug|iPhoneSimulator.ActiveCfg = Debug|Any CPU
		{D285521D-13DD-4320-8C32-35BD754BE7D1}.Debug|iPhoneSimulator.Build.0 = Debug|Any CPU
		{D285521D-13DD-4320-8C32-35BD754BE7D1}.Debug|iPhoneSimulator.Deploy.0 = Debug|Any CPU
		{D285521D-13DD-4320-8C32-35BD754BE7D1}.Release|Any CPU.ActiveCfg = Release|Any CPU
		{D285521D-13DD-4320-8C32-35BD754BE7D1}.Release|Any CPU.Build.0 = Release|Any CPU
		{D285521D-13DD-4320-8C32-35BD754BE7D1}.Release|Any CPU.Deploy.0 = Release|Any CPU
		{D285521D-13DD-4320-8C32-35BD754BE7D1}.Release|iPhone.ActiveCfg = Release|Any CPU
		{D285521D-13DD-4320-8C32-35BD754BE7D1}.Release|iPhone.Build.0 = Release|Any CPU
		{D285521D-13DD-4320-8C32-35BD754BE7D1}.Release|iPhone.Deploy.0 = Release|Any CPU
		{D285521D-13DD-4320-8C32-35BD754BE7D1}.Release|iPhoneSimulator.ActiveCfg = Release|Any CPU
		{D285521D-13DD-4320-8C32-35BD754BE7D1}.Release|iPhoneSimulator.Build.0 = Release|Any CPU
		{D285521D-13DD-4320-8C32-35BD754BE7D1}.Release|iPhoneSimulator.Deploy.0 = Release|Any CPU
		{0F98D1E7-9A22-4EA6-8B55-C3A479BA3175}.Ad-Hoc|Any CPU.ActiveCfg = Release|Any CPU
		{0F98D1E7-9A22-4EA6-8B55-C3A479BA3175}.Ad-Hoc|Any CPU.Build.0 = Release|Any CPU
		{0F98D1E7-9A22-4EA6-8B55-C3A479BA3175}.Ad-Hoc|iPhone.ActiveCfg = Release|Any CPU
		{0F98D1E7-9A22-4EA6-8B55-C3A479BA3175}.Ad-Hoc|iPhone.Build.0 = Release|Any CPU
		{0F98D1E7-9A22-4EA6-8B55-C3A479BA3175}.Ad-Hoc|iPhoneSimulator.ActiveCfg = Release|Any CPU
		{0F98D1E7-9A22-4EA6-8B55-C3A479BA3175}.Ad-Hoc|iPhoneSimulator.Build.0 = Release|Any CPU
		{0F98D1E7-9A22-4EA6-8B55-C3A479BA3175}.AppStore|Any CPU.ActiveCfg = Release|Any CPU
		{0F98D1E7-9A22-4EA6-8B55-C3A479BA3175}.AppStore|Any CPU.Build.0 = Release|Any CPU
		{0F98D1E7-9A22-4EA6-8B55-C3A479BA3175}.AppStore|iPhone.ActiveCfg = Release|Any CPU
		{0F98D1E7-9A22-4EA6-8B55-C3A479BA3175}.AppStore|iPhone.Build.0 = Release|Any CPU
		{0F98D1E7-9A22-4EA6-8B55-C3A479BA3175}.AppStore|iPhoneSimulator.ActiveCfg = Release|Any CPU
		{0F98D1E7-9A22-4EA6-8B55-C3A479BA3175}.AppStore|iPhoneSimulator.Build.0 = Release|Any CPU
		{0F98D1E7-9A22-4EA6-8B55-C3A479BA3175}.Debug|Any CPU.ActiveCfg = Debug|Any CPU
		{0F98D1E7-9A22-4EA6-8B55-C3A479BA3175}.Debug|Any CPU.Build.0 = Debug|Any CPU
		{0F98D1E7-9A22-4EA6-8B55-C3A479BA3175}.Debug|iPhone.ActiveCfg = Debug|Any CPU
		{0F98D1E7-9A22-4EA6-8B55-C3A479BA3175}.Debug|iPhone.Build.0 = Debug|Any CPU
		{0F98D1E7-9A22-4EA6-8B55-C3A479BA3175}.Debug|iPhoneSimulator.ActiveCfg = Debug|Any CPU
		{0F98D1E7-9A22-4EA6-8B55-C3A479BA3175}.Debug|iPhoneSimulator.Build.0 = Debug|Any CPU
		{0F98D1E7-9A22-4EA6-8B55-C3A479BA3175}.Release|Any CPU.ActiveCfg = Release|Any CPU
		{0F98D1E7-9A22-4EA6-8B55-C3A479BA3175}.Release|Any CPU.Build.0 = Release|Any CPU
		{0F98D1E7-9A22-4EA6-8B55-C3A479BA3175}.Release|iPhone.ActiveCfg = Release|Any CPU
		{0F98D1E7-9A22-4EA6-8B55-C3A479BA3175}.Release|iPhone.Build.0 = Release|Any CPU
		{0F98D1E7-9A22-4EA6-8B55-C3A479BA3175}.Release|iPhoneSimulator.ActiveCfg = Release|Any CPU
		{0F98D1E7-9A22-4EA6-8B55-C3A479BA3175}.Release|iPhoneSimulator.Build.0 = Release|Any CPU
		{019D28A9-3E15-4ADA-A299-93F4A83C7AA1}.Ad-Hoc|Any CPU.ActiveCfg = Ad-Hoc|iPhoneSimulator
		{019D28A9-3E15-4ADA-A299-93F4A83C7AA1}.Ad-Hoc|iPhone.ActiveCfg = Ad-Hoc|iPhone
		{019D28A9-3E15-4ADA-A299-93F4A83C7AA1}.Ad-Hoc|iPhone.Build.0 = Ad-Hoc|iPhone
		{019D28A9-3E15-4ADA-A299-93F4A83C7AA1}.Ad-Hoc|iPhoneSimulator.ActiveCfg = Ad-Hoc|iPhoneSimulator
		{019D28A9-3E15-4ADA-A299-93F4A83C7AA1}.Ad-Hoc|iPhoneSimulator.Build.0 = Ad-Hoc|iPhoneSimulator
		{019D28A9-3E15-4ADA-A299-93F4A83C7AA1}.AppStore|Any CPU.ActiveCfg = AppStore|iPhoneSimulator
		{019D28A9-3E15-4ADA-A299-93F4A83C7AA1}.AppStore|iPhone.ActiveCfg = AppStore|iPhone
		{019D28A9-3E15-4ADA-A299-93F4A83C7AA1}.AppStore|iPhone.Build.0 = AppStore|iPhone
		{019D28A9-3E15-4ADA-A299-93F4A83C7AA1}.AppStore|iPhoneSimulator.ActiveCfg = AppStore|iPhoneSimulator
		{019D28A9-3E15-4ADA-A299-93F4A83C7AA1}.AppStore|iPhoneSimulator.Build.0 = AppStore|iPhoneSimulator
		{019D28A9-3E15-4ADA-A299-93F4A83C7AA1}.Debug|Any CPU.ActiveCfg = Debug|iPhoneSimulator
		{019D28A9-3E15-4ADA-A299-93F4A83C7AA1}.Debug|iPhone.ActiveCfg = Debug|iPhone
		{019D28A9-3E15-4ADA-A299-93F4A83C7AA1}.Debug|iPhone.Build.0 = Debug|iPhone
		{019D28A9-3E15-4ADA-A299-93F4A83C7AA1}.Debug|iPhoneSimulator.ActiveCfg = Debug|iPhoneSimulator
		{019D28A9-3E15-4ADA-A299-93F4A83C7AA1}.Debug|iPhoneSimulator.Build.0 = Debug|iPhoneSimulator
		{019D28A9-3E15-4ADA-A299-93F4A83C7AA1}.Release|Any CPU.ActiveCfg = Release|iPhoneSimulator
		{019D28A9-3E15-4ADA-A299-93F4A83C7AA1}.Release|iPhone.ActiveCfg = Release|iPhone
		{019D28A9-3E15-4ADA-A299-93F4A83C7AA1}.Release|iPhone.Build.0 = Release|iPhone
		{019D28A9-3E15-4ADA-A299-93F4A83C7AA1}.Release|iPhoneSimulator.ActiveCfg = Release|iPhoneSimulator
		{019D28A9-3E15-4ADA-A299-93F4A83C7AA1}.Release|iPhoneSimulator.Build.0 = Release|iPhoneSimulator
	EndGlobalSection
	GlobalSection(SolutionProperties) = preSolution
		HideSolutionNode = FALSE
	EndGlobalSection
	GlobalSection(ExtensibilityGlobals) = postSolution
		SolutionGuid = {76686129-238E-4B99-9331-AA3E8A191EA2}
	EndGlobalSection
EndGlobal
